
Microsoft Visual Studio Solution File, Format Version 12.00
# Visual Studio 2013
VisualStudioVersion = 12.0.21005.1
MinimumVisualStudioVersion = 10.0.40219.1
Project("{FAE04EC0-301F-11D3-BF4B-00C04F79EFBC}") = "Dibware.Helpers.Tests", "Dibware.Helpers.Tests\Dibware.Helpers.Tests.csproj", "{5EDBDE25-363E-43B7-B5A7-3544B36104EA}"
EndProject
Project("{FAE04EC0-301F-11D3-BF4B-00C04F79EFBC}") = "Dibware.Helpers", "Dibware.Helpers\Dibware.Helpers.csproj", "{1D053F9F-6C71-41BA-99E9-F1AFE97C586B}"
EndProject
Global
	GlobalSection(SolutionConfigurationPlatforms) = preSolution
		Debug|Any CPU = Debug|Any CPU
		Release|Any CPU = Release|Any CPU
	EndGlobalSection
	GlobalSection(ProjectConfigurationPlatforms) = postSolution
		{5EDBDE25-363E-43B7-B5A7-3544B36104EA}.Debug|Any CPU.ActiveCfg = Debug|Any CPU
		{5EDBDE25-363E-43B7-B5A7-3544B36104EA}.Debug|Any CPU.Build.0 = Debug|Any CPU
		{5EDBDE25-363E-43B7-B5A7-3544B36104EA}.Release|Any CPU.ActiveCfg = Release|Any CPU
		{5EDBDE25-363E-43B7-B5A7-3544B36104EA}.Release|Any CPU.Build.0 = Release|Any CPU
		{1D053F9F-6C71-41BA-99E9-F1AFE97C586B}.Debug|Any CPU.ActiveCfg = Debug|Any CPU
		{1D053F9F-6C71-41BA-99E9-F1AFE97C586B}.Debug|Any CPU.Build.0 = Debug|Any CPU
		{1D053F9F-6C71-41BA-99E9-F1AFE97C586B}.Release|Any CPU.ActiveCfg = Release|Any CPU
		{1D053F9F-6C71-41BA-99E9-F1AFE97C586B}.Release|Any CPU.Build.0 = Release|Any CPU
	EndGlobalSection
	GlobalSection(SolutionProperties) = preSolution
		HideSolutionNode = FALSE
	EndGlobalSection
EndGlobal
