
Microsoft Visual Studio Solution File, Format Version 12.00
# Visual Studio 2013
VisualStudioVersion = 12.0.40629.0
MinimumVisualStudioVersion = 10.0.40219.1
Project("{2150E333-8FDC-42A3-9474-1A3956D46DE8}") = "NugetPackage", "NugetPackage", "{E24A228C-FA75-4EDE-9ECC-A040AB7AD2F6}"
EndProject
Project("{2150E333-8FDC-42A3-9474-1A3956D46DE8}") = "GitInfo", "GitInfo", "{1379B60D-4D28-44BD-80E3-C9AD3E6DE7B9}"
	ProjectSection(SolutionItems) = preProject
		README.md = README.md
	EndProjectSection
EndProject
Project("{2150E333-8FDC-42A3-9474-1A3956D46DE8}") = "DLL", "DLL", "{1D87EFB3-C08A-4E31-984E-22B96E56122A}"
EndProject
Project("{2150E333-8FDC-42A3-9474-1A3956D46DE8}") = "Tests", "Tests", "{714FBA7C-D9AA-4F49-9F94-C20EE65F5871}"
EndProject
Project("{FAE04EC0-301F-11D3-BF4B-00C04F79EFBC}") = "Dibware.Helpers.UnitTests", "Tests\Dibware.Helpers.Tests\Dibware.Helpers.UnitTests.csproj", "{5EDBDE25-363E-43B7-B5A7-3544B36104EA}"
EndProject
Project("{FAE04EC0-301F-11D3-BF4B-00C04F79EFBC}") = "Dibware.Helpers", "DLL\Dibware.Helpers\Dibware.Helpers.csproj", "{1D053F9F-6C71-41BA-99E9-F1AFE97C586B}"
EndProject
Project("{FAE04EC0-301F-11D3-BF4B-00C04F79EFBC}") = "Dibware.Helpers.PackageLoadTester", "Tests\Dibware.Helpers.PackageLoadTester\Dibware.Helpers.PackageLoadTester.csproj", "{24EBF5AB-169C-4DF7-BF8F-9274C6557F4E}"
EndProject
Global
	GlobalSection(SolutionConfigurationPlatforms) = preSolution
		Debug|Any CPU = Debug|Any CPU
		Release|Any CPU = Release|Any CPU
	EndGlobalSection
	GlobalSection(ProjectConfigurationPlatforms) = postSolution
		{5EDBDE25-363E-43B7-B5A7-3544B36104EA}.Debug|Any CPU.ActiveCfg = Debug|Any CPU
		{5EDBDE25-363E-43B7-B5A7-3544B36104EA}.Debug|Any CPU.Build.0 = Debug|Any CPU
		{5EDBDE25-363E-43B7-B5A7-3544B36104EA}.Release|Any CPU.ActiveCfg = Release|Any CPU
		{5EDBDE25-363E-43B7-B5A7-3544B36104EA}.Release|Any CPU.Build.0 = Release|Any CPU
		{1D053F9F-6C71-41BA-99E9-F1AFE97C586B}.Debug|Any CPU.ActiveCfg = Debug|Any CPU
		{1D053F9F-6C71-41BA-99E9-F1AFE97C586B}.Debug|Any CPU.Build.0 = Debug|Any CPU
		{1D053F9F-6C71-41BA-99E9-F1AFE97C586B}.Release|Any CPU.ActiveCfg = Release|Any CPU
		{1D053F9F-6C71-41BA-99E9-F1AFE97C586B}.Release|Any CPU.Build.0 = Release|Any CPU
		{24EBF5AB-169C-4DF7-BF8F-9274C6557F4E}.Debug|Any CPU.ActiveCfg = Debug|Any CPU
		{24EBF5AB-169C-4DF7-BF8F-9274C6557F4E}.Debug|Any CPU.Build.0 = Debug|Any CPU
		{24EBF5AB-169C-4DF7-BF8F-9274C6557F4E}.Release|Any CPU.ActiveCfg = Release|Any CPU
		{24EBF5AB-169C-4DF7-BF8F-9274C6557F4E}.Release|Any CPU.Build.0 = Release|Any CPU
	EndGlobalSection
	GlobalSection(SolutionProperties) = preSolution
		HideSolutionNode = FALSE
	EndGlobalSection
	GlobalSection(NestedProjects) = preSolution
		{5EDBDE25-363E-43B7-B5A7-3544B36104EA} = {714FBA7C-D9AA-4F49-9F94-C20EE65F5871}
		{1D053F9F-6C71-41BA-99E9-F1AFE97C586B} = {1D87EFB3-C08A-4E31-984E-22B96E56122A}
		{24EBF5AB-169C-4DF7-BF8F-9274C6557F4E} = {714FBA7C-D9AA-4F49-9F94-C20EE65F5871}
	EndGlobalSection
EndGlobal
